version: 6
environments:
  default:
    channels:
    - url: https://conda.anaconda.org/conda-forge/
    options:
      pypi-prerelease-mode: if-necessary-or-explicit
    packages:
      linux-64:
      - conda: https://conda.anaconda.org/conda-forge/linux-64/_openmp_mutex-4.5-20_gnu.conda
      - conda: https://conda.anaconda.org/conda-forge/noarch/ca-certificates-2026.2.25-hbd8a1cb_0.conda
      - conda: https://conda.anaconda.org/conda-forge/linux-64/icu-78.3-h33c6efd_0.conda
      - conda: https://conda.anaconda.org/conda-forge/linux-64/libgcc-15.2.0-he0feb66_18.conda
      - conda: https://conda.anaconda.org/conda-forge/linux-64/libgomp-15.2.0-he0feb66_18.conda
      - conda: https://conda.anaconda.org/conda-forge/linux-64/libstdcxx-15.2.0-h934c35e_18.conda
      - conda: https://conda.anaconda.org/conda-forge/linux-64/libuv-1.51.0-hb03c661_1.conda
      - conda: https://conda.anaconda.org/conda-forge/linux-64/libzlib-1.3.2-h25fd6f3_2.conda
      - conda: https://conda.anaconda.org/conda-forge/linux-64/nodejs-20.20.1-h44b80ee_0.conda
      - conda: https://conda.anaconda.org/conda-forge/linux-64/openssl-3.6.1-h35e630c_1.conda
      - conda: https://conda.anaconda.org/conda-forge/linux-64/zlib-1.3.2-h25fd6f3_2.conda
      osx-64:
      - conda: https://conda.anaconda.org/conda-forge/noarch/ca-certificates-2026.2.25-hbd8a1cb_0.conda
      - conda: https://conda.anaconda.org/conda-forge/osx-64/icu-78.3-h25d91c4_0.conda
      - conda: https://conda.anaconda.org/conda-forge/osx-64/libcxx-22.1.1-h19cb2f5_0.conda
      - conda: https://conda.anaconda.org/conda-forge/osx-64/libuv-1.51.0-h58003a5_1.conda
      - conda: https://conda.anaconda.org/conda-forge/osx-64/libzlib-1.3.2-hbb4bfdb_2.conda
      - conda: https://conda.anaconda.org/conda-forge/osx-64/nodejs-20.20.1-hf63971a_0.conda
      - conda: https://conda.anaconda.org/conda-forge/osx-64/openssl-3.6.1-hb6871ef_1.conda
      - conda: https://conda.anaconda.org/conda-forge/osx-64/zlib-1.3.2-hbb4bfdb_2.conda
      osx-arm64:
      - conda: https://conda.anaconda.org/conda-forge/noarch/ca-certificates-2026.2.25-hbd8a1cb_0.conda
      - conda: https://conda.anaconda.org/conda-forge/osx-arm64/icu-78.3-hef89b57_0.conda
      - conda: https://conda.anaconda.org/conda-forge/osx-arm64/libcxx-22.1.1-h55c6f16_0.conda
      - conda: https://conda.anaconda.org/conda-forge/osx-arm64/libuv-1.51.0-h6caf38d_1.conda
      - conda: https://conda.anaconda.org/conda-forge/osx-arm64/libzlib-1.3.2-h8088a28_2.conda
      - conda: https://conda.anaconda.org/conda-forge/osx-arm64/nodejs-20.20.1-hf0fe506_0.conda
      - conda: https://conda.anaconda.org/conda-forge/osx-arm64/openssl-3.6.1-hd24854e_1.conda
      - conda: https://conda.anaconda.org/conda-forge/osx-arm64/zlib-1.3.2-h8088a28_2.conda
      win-64:
      - conda: https://conda.anaconda.org/conda-forge/win-64/nodejs-20.20.1-h80290e7_0.conda
packages:
- conda: https://conda.anaconda.org/conda-forge/linux-64/_openmp_mutex-4.5-20_gnu.conda
  build_number: 20
  sha256: 1dd3fffd892081df9726d7eb7e0dea6198962ba775bd88842135a4ddb4deb3c9
  md5: a9f577daf3de00bca7c3c76c0ecbd1de
  depends:
  - __glibc >=2.17,<3.0.a0
  - libgomp >=7.5.0
  constrains:
  - openmp_impl <0.0a0
  license: BSD-3-Clause
  license_family: BSD
  size: 28948
  timestamp: 1770939786096
- conda: https://conda.anaconda.org/conda-forge/noarch/ca-certificates-2026.2.25-hbd8a1cb_0.conda
  sha256: 67cc7101b36421c5913a1687ef1b99f85b5d6868da3abbf6ec1a4181e79782fc
  md5: 4492fd26db29495f0ba23f146cd5638d
  depends:
  - __unix
  license: ISC
  size: 147413
  timestamp: 1772006283803
- conda: https://conda.anaconda.org/conda-forge/linux-64/icu-78.3-h33c6efd_0.conda
  sha256: fbf86c4a59c2ed05bbffb2ba25c7ed94f6185ec30ecb691615d42342baa1a16a
  md5: c80d8a3b84358cb967fa81e7075fbc8a
  depends:
  - __glibc >=2.17,<3.0.a0
  - libgcc >=14
  - libstdcxx >=14
  license: MIT
  license_family: MIT
  size: 12723451
  timestamp: 1773822285671
- conda: https://conda.anaconda.org/conda-forge/osx-64/icu-78.3-h25d91c4_0.conda
  sha256: 1294117122d55246bb83ad5b589e2a031aacdf2d0b1f99fd338aa4394f881735
  md5: 627eca44e62e2b665eeec57a984a7f00
  depends:
  - __osx >=11.0
  license: MIT
  license_family: MIT
  size: 12273764
  timestamp: 1773822733780
- conda: https://conda.anaconda.org/conda-forge/osx-arm64/icu-78.3-hef89b57_0.conda
  sha256: 3a7907a17e9937d3a46dfd41cffaf815abad59a569440d1e25177c15fd0684e5
  md5: f1182c91c0de31a7abd40cedf6a5ebef
  depends:
  - __osx >=11.0
  license: MIT
  license_family: MIT
  size: 12361647
  timestamp: 1773822915649
- conda: https://conda.anaconda.org/conda-forge/osx-64/libcxx-22.1.1-h19cb2f5_0.conda
  sha256: db3adcb33eaca02311d3ba17e06c60ceaedda20240414f7b1df6e7f9ec902bfa
  md5: 799141ac68a99265f04bcee196b2df51
  depends:
  - __osx >=11.0
  license: Apache-2.0 WITH LLVM-exception
  license_family: Apache
  size: 564942
  timestamp: 1773203656390
- conda: https://conda.anaconda.org/conda-forge/osx-arm64/libcxx-22.1.1-h55c6f16_0.conda
  sha256: 3c8142cdd3109c250a926c492ec45bc954697b288e5d1154ada95272ffa21be8
  md5: 7a290d944bc0c481a55baf33fa289deb
  depends:
  - __osx >=11.0
  license: Apache-2.0 WITH LLVM-exception
  license_family: Apache
  size: 570281
  timestamp: 1773203613980
- conda: https://conda.anaconda.org/conda-forge/linux-64/libgcc-15.2.0-he0feb66_18.conda
  sha256: faf7d2017b4d718951e3a59d081eb09759152f93038479b768e3d612688f83f5
  md5: 0aa00f03f9e39fb9876085dee11a85d4
  depends:
  - __glibc >=2.17,<3.0.a0
  - _openmp_mutex >=4.5
  constrains:
  - libgcc-ng ==15.2.0=*_18
  - libgomp 15.2.0 he0feb66_18
  license: GPL-3.0-only WITH GCC-exception-3.1
  license_family: GPL
  size: 1041788
  timestamp: 1771378212382
- conda: https://conda.anaconda.org/conda-forge/linux-64/libgomp-15.2.0-he0feb66_18.conda
  sha256: 21337ab58e5e0649d869ab168d4e609b033509de22521de1bfed0c031bfc5110
  md5: 239c5e9546c38a1e884d69effcf4c882
  depends:
  - __glibc >=2.17,<3.0.a0
  license: GPL-3.0-only WITH GCC-exception-3.1
  license_family: GPL
  size: 603262
  timestamp: 1771378117851
- conda: https://conda.anaconda.org/conda-forge/linux-64/libstdcxx-15.2.0-h934c35e_18.conda
  sha256: 78668020064fdaa27e9ab65cd2997e2c837b564ab26ce3bf0e58a2ce1a525c6e
  md5: 1b08cd684f34175e4514474793d44bcb
  depends:
  - __glibc >=2.17,<3.0.a0
  - libgcc 15.2.0 he0feb66_18
  constrains:
  - libstdcxx-ng ==15.2.0=*_18
  license: GPL-3.0-only WITH GCC-exception-3.1
  license_family: GPL
  size: 5852330
  timestamp: 1771378262446
- conda: https://conda.anaconda.org/conda-forge/linux-64/libuv-1.51.0-hb03c661_1.conda
  sha256: c180f4124a889ac343fc59d15558e93667d894a966ec6fdb61da1604481be26b
  md5: 0f03292cc56bf91a077a134ea8747118
  depends:
  - __glibc >=2.17,<3.0.a0
  - libgcc >=14
  license: MIT
  license_family: MIT
  size: 895108
  timestamp: 1753948278280
- conda: https://conda.anaconda.org/conda-forge/osx-64/libuv-1.51.0-h58003a5_1.conda
  sha256: d90dd0eee6f195a5bd14edab4c5b33be3635b674b0b6c010fb942b956aa2254c
  md5: fbfc6cf607ae1e1e498734e256561dc3
  depends:
  - __osx >=10.13
  license: MIT
  license_family: MIT
  size: 422612
  timestamp: 1753948458902
- conda: https://conda.anaconda.org/conda-forge/osx-arm64/libuv-1.51.0-h6caf38d_1.conda
  sha256: 042c7488ad97a5629ec0a991a8b2a3345599401ecc75ad6a5af73b60e6db9689
  md5: c0d87c3c8e075daf1daf6c31b53e8083
  depends:
  - __osx >=11.0
  license: MIT
  license_family: MIT
  size: 421195
  timestamp: 1753948426421
- conda: https://conda.anaconda.org/conda-forge/linux-64/libzlib-1.3.2-h25fd6f3_2.conda
  sha256: 55044c403570f0dc26e6364de4dc5368e5f3fc7ff103e867c487e2b5ab2bcda9
  md5: d87ff7921124eccd67248aa483c23fec
  depends:
  - __glibc >=2.17,<3.0.a0
  constrains:
  - zlib 1.3.2 *_2
  license: Zlib
  license_family: Other
  size: 63629
  timestamp: 1774072609062
- conda: https://conda.anaconda.org/conda-forge/osx-64/libzlib-1.3.2-hbb4bfdb_2.conda
  sha256: 4c6da089952b2d70150c74234679d6f7ac04f4a98f9432dec724968f912691e7
  md5: 30439ff30578e504ee5e0b390afc8c65
  depends:
  - __osx >=11.0
  constrains:
  - zlib 1.3.2 *_2
  license: Zlib
  license_family: Other
  size: 59000
  timestamp: 1774073052242
- conda: https://conda.anaconda.org/conda-forge/osx-arm64/libzlib-1.3.2-h8088a28_2.conda
  sha256: 361415a698514b19a852f5d1123c5da746d4642139904156ddfca7c922d23a05
  md5: bc5a5721b6439f2f62a84f2548136082
  depends:
  - __osx >=11.0
  constrains:
  - zlib 1.3.2 *_2
  license: Zlib
  license_family: Other
  size: 47759
  timestamp: 1774072956767
- conda: https://conda.anaconda.org/conda-forge/linux-64/nodejs-20.20.1-h44b80ee_0.conda
  sha256: 0ab927eed214006dad5f9bb41224286580cb0105eec2254c72072f86aa3d080e
  md5: a14f1570ed7e303b421567d6333fe1c4
  depends:
  - __glibc >=2.17,<3.0.a0
  - icu >=78.2,<79.0a0
  - libgcc >=14
  - libstdcxx >=14
  - libuv >=1.51.0,<2.0a0
  - libzlib >=1.3.1,<2.0a0
  - openssl >=3.5.5,<4.0a0
  - zlib
  license: MIT
  license_family: MIT
  size: 17328349
  timestamp: 1773311639761
- conda: https://conda.anaconda.org/conda-forge/osx-64/nodejs-20.20.1-hf63971a_0.conda
  sha256: 6ac232b9da474430c286564d8cc3949451acb813dad9bdf456a8f5dd3144498a
  md5: 78cd7334b775a1919073d8e30fb68dd7
  depends:
  - __osx >=11.0
  - icu >=78.2,<79.0a0
  - libcxx >=19
  - libuv >=1.51.0,<2.0a0
  - libzlib >=1.3.1,<2.0a0
  - openssl >=3.5.5,<4.0a0
  - zlib
  license: MIT
  license_family: MIT
  size: 11791839
  timestamp: 1773311230834
- conda: https://conda.anaconda.org/conda-forge/osx-arm64/nodejs-20.20.1-hf0fe506_0.conda
  sha256: dc92156e19f762cab0868c109963d62e17e1ba522a6ba1e8d4feeddcb9fc0553
  md5: fb30c5464684125c352bc58b7fccf7cb
  depends:
  - __osx >=11.0
  - icu >=78.2,<79.0a0
  - libcxx >=19
  - libuv >=1.51.0,<2.0a0
  - libzlib >=1.3.1,<2.0a0
  - openssl >=3.5.5,<4.0a0
  - zlib
  license: MIT
  license_family: MIT
  size: 11161946
  timestamp: 1773318318626
- conda: https://conda.anaconda.org/conda-forge/win-64/nodejs-20.20.1-h80290e7_0.conda
  sha256: 118259b6f88b230b47f157465406e50496ab8cb58475f386ea0ebef47fe3c442
  md5: a284435ded0af3a2cb976d5fa546d91b
  license: MIT
  license_family: MIT
  size: 23275099
  timestamp: 1773305421692
- conda: https://conda.anaconda.org/conda-forge/linux-64/openssl-3.6.1-h35e630c_1.conda
  sha256: 44c877f8af015332a5d12f5ff0fb20ca32f896526a7d0cdb30c769df1144fb5c
  md5: f61eb8cd60ff9057122a3d338b99c00f
  depends:
  - __glibc >=2.17,<3.0.a0
  - ca-certificates
  - libgcc >=14
  license: Apache-2.0
  license_family: Apache
  size: 3164551
  timestamp: 1769555830639
- conda: https://conda.anaconda.org/conda-forge/osx-64/openssl-3.6.1-hb6871ef_1.conda
  sha256: e02e5639b0e4d6d4fcf0f3b082642844fb5a37316f5b0a1126c6271347462e90
  md5: 30bb8d08b99b9a7600d39efb3559fff0
  depends:
  - __osx >=10.13
  - ca-certificates
  license: Apache-2.0
  license_family: Apache
  size: 2777136
  timestamp: 1769557662405
- conda: https://conda.anaconda.org/conda-forge/osx-arm64/openssl-3.6.1-hd24854e_1.conda
  sha256: 361f5c5e60052abc12bdd1b50d7a1a43e6a6653aab99a2263bf2288d709dcf67
  md5: f4f6ad63f98f64191c3e77c5f5f29d76
  depends:
  - __osx >=11.0
  - ca-certificates
  license: Apache-2.0
  license_family: Apache
  size: 3104268
  timestamp: 1769556384749
- conda: https://conda.anaconda.org/conda-forge/linux-64/zlib-1.3.2-h25fd6f3_2.conda
  sha256: 245c9ee8d688e23661b95e3c6dd7272ca936fabc03d423cdb3cdee1bbcf9f2f2
  md5: c2a01a08fc991620a74b32420e97868a
  depends:
  - __glibc >=2.17,<3.0.a0
  - libzlib 1.3.2 h25fd6f3_2
  license: Zlib
  license_family: Other
  size: 95931
  timestamp: 1774072620848
- conda: https://conda.anaconda.org/conda-forge/osx-64/zlib-1.3.2-hbb4bfdb_2.conda
  sha256: 5dd728cebca2e96fa48d41661f1a35ed0ee3cb722669eee4e2d854c6745655eb
  md5: 6276aa61ffc361cbf130d78cfb88a237
  depends:
  - __osx >=11.0
  - libzlib 1.3.2 hbb4bfdb_2
  license: Zlib
  license_family: Other
  size: 92411
  timestamp: 1774073075482
- conda: https://conda.anaconda.org/conda-forge/osx-arm64/zlib-1.3.2-h8088a28_2.conda
  sha256: 8dd2ac25f0ba714263aac5832d46985648f4bfb9b305b5021d702079badc08d2
  md5: f1c0bce276210bed45a04949cfe8dc20
  depends:
  - __osx >=11.0
  - libzlib 1.3.2 h8088a28_2
  license: Zlib
  license_family: Other
  size: 81123
  timestamp: 1774072974535
